
Microsoft Visual Studio Solution File, Format Version 12.00
# Visual Studio Version 17
VisualStudioVersion = 17.6.33815.320
MinimumVisualStudioVersion = 10.0.40219.1
Project("{8BC9CEB8-8B4A-11D0-8D11-00A0C91BC942}") = "ConsoleAlgorithms", "ConsoleAlgorithms\ConsoleAlgorithms.vcxproj", "{3DC6EF16-9961-491E-9AA4-E387D131434A}"
EndProject
Global
	GlobalSection(SolutionConfigurationPlatforms) = preSolution
		Debug|x64 = Debug|x64
		Debug|x86 = Debug|x86
		Release|x64 = Release|x64
		Release|x86 = Release|x86
	EndGlobalSection
	GlobalSection(ProjectConfigurationPlatforms) = postSolution
		{3DC6EF16-9961-491E-9AA4-E387D131434A}.Debug|x64.ActiveCfg = Debug|x64
		{3DC6EF16-9961-491E-9AA4-E387D131434A}.Debug|x64.Build.0 = Debug|x64
		{3DC6EF16-9961-491E-9AA4-E387D131434A}.Debug|x86.ActiveCfg = Debug|Win32
		{3DC6EF16-9961-491E-9AA4-E387D131434A}.Debug|x86.Build.0 = Debug|Win32
		{3DC6EF16-9961-491E-9AA4-E387D131434A}.Release|x64.ActiveCfg = Release|x64
		{3DC6EF16-9961-491E-9AA4-E387D131434A}.Release|x64.Build.0 = Release|x64
		{3DC6EF16-9961-491E-9AA4-E387D131434A}.Release|x86.ActiveCfg = Release|Win32
		{3DC6EF16-9961-491E-9AA4-E387D131434A}.Release|x86.Build.0 = Release|Win32
	EndGlobalSection
	GlobalSection(SolutionProperties) = preSolution
		HideSolutionNode = FALSE
	EndGlobalSection
	GlobalSection(ExtensibilityGlobals) = postSolution
		SolutionGuid = {305CEAAF-45FE-4A1D-A2CD-8318134D4241}
	EndGlobalSection
EndGlobal
